Microsoft Visual Studio Solution File, Format Version 12.00
# Visual Studio 2012
Project("{FAE04EC0-301F-11D3-BF4B-00C04F79EFBC}") = "Godot-shaders", "Godot-shaders.csproj", "{9EC31757-6327-4A2C-8F0F-60A32AFBAEDB}"
EndProject
Global
	GlobalSection(SolutionConfigurationPlatforms) = preSolution
	Debug|Any CPU = Debug|Any CPU
	ExportDebug|Any CPU = ExportDebug|Any CPU
	ExportRelease|Any CPU = ExportRelease|Any CPU
	EndGlobalSection
	GlobalSection(ProjectConfigurationPlatforms) = postSolution
		{9EC31757-6327-4A2C-8F0F-60A32AFBAEDB}.Debug|Any CPU.ActiveCfg = Debug|Any CPU
		{9EC31757-6327-4A2C-8F0F-60A32AFBAEDB}.Debug|Any CPU.Build.0 = Debug|Any CPU
		{9EC31757-6327-4A2C-8F0F-60A32AFBAEDB}.ExportDebug|Any CPU.ActiveCfg = ExportDebug|Any CPU
		{9EC31757-6327-4A2C-8F0F-60A32AFBAEDB}.ExportDebug|Any CPU.Build.0 = ExportDebug|Any CPU
		{9EC31757-6327-4A2C-8F0F-60A32AFBAEDB}.ExportRelease|Any CPU.ActiveCfg = ExportRelease|Any CPU
		{9EC31757-6327-4A2C-8F0F-60A32AFBAEDB}.ExportRelease|Any CPU.Build.0 = ExportRelease|Any CPU
	EndGlobalSection
EndGlobal
